
Microsoft Visual Studio Solution File, Format Version 12.00
# Visual Studio 15
VisualStudioVersion = 15.0.26730.3
MinimumVisualStudioVersion = 10.0.40219.1
Project("{FAE04EC0-301F-11D3-BF4B-00C04F79EFBC}") = "PageObjectModel", "PageObjectModel\PageObjectModel.csproj", "{755949F0-24AB-42A2-9A84-EE794294CEFD}"
EndProject
Project("{FAE04EC0-301F-11D3-BF4B-00C04F79EFBC}") = "Selenium", "Selenium\Selenium.csproj", "{C760B8A3-161E-4BE7-AD81-640958F90B55}"
EndProject
Project("{FAE04EC0-301F-11D3-BF4B-00C04F79EFBC}") = "DDTFrameWork", "DDTFrameWork\DDTFrameWork.csproj", "{687F684D-BBFA-4B1F-95F5-17BB4B3F8E9B}"
EndProject
Project("{FAE04EC0-301F-11D3-BF4B-00C04F79EFBC}") = "WiniumDesktopAutomation", "WiniumDesktopAutomation\WiniumDesktopAutomation.csproj", "{DB912B9A-6193-4534-9120-2765658AE286}"
EndProject
Project("{FAE04EC0-301F-11D3-BF4B-00C04F79EFBC}") = "ReportGeneration", "ReportGeneration\ReportGeneration.csproj", "{89056F67-0024-45DD-B5B6-171AC8458E76}"
EndProject
Project("{FAE04EC0-301F-11D3-BF4B-00C04F79EFBC}") = "TrxToHtmlConversion", "TrxToHtmlConversion\TrxToHtmlConversion.csproj", "{C1093249-17A8-4FCC-B655-65A48C1F5661}"
EndProject
Project("{FAE04EC0-301F-11D3-BF4B-00C04F79EFBC}") = "FinalReport", "FinalReport\FinalReport.csproj", "{14943DC7-75E1-4388-BCB1-10C219CF777A}"
EndProject
Project("{FAE04EC0-301F-11D3-BF4B-00C04F79EFBC}") = "Sowmya-API", "Sowmya-API\Sowmya-API.csproj", "{3D1B3311-EA86-4015-8B4A-684775CC1647}"
EndProject
Global
	GlobalSection(SolutionConfigurationPlatforms) = preSolution
		Debug|Any CPU = Debug|Any CPU
		Release|Any CPU = Release|Any CPU
	EndGlobalSection
	GlobalSection(ProjectConfigurationPlatforms) = postSolution
		{755949F0-24AB-42A2-9A84-EE794294CEFD}.Debug|Any CPU.ActiveCfg = Debug|Any CPU
		{755949F0-24AB-42A2-9A84-EE794294CEFD}.Debug|Any CPU.Build.0 = Debug|Any CPU
		{755949F0-24AB-42A2-9A84-EE794294CEFD}.Release|Any CPU.ActiveCfg = Release|Any CPU
		{755949F0-24AB-42A2-9A84-EE794294CEFD}.Release|Any CPU.Build.0 = Release|Any CPU
		{C760B8A3-161E-4BE7-AD81-640958F90B55}.Debug|Any CPU.ActiveCfg = Debug|Any CPU
		{C760B8A3-161E-4BE7-AD81-640958F90B55}.Debug|Any CPU.Build.0 = Debug|Any CPU
		{C760B8A3-161E-4BE7-AD81-640958F90B55}.Release|Any CPU.ActiveCfg = Release|Any CPU
		{C760B8A3-161E-4BE7-AD81-640958F90B55}.Release|Any CPU.Build.0 = Release|Any CPU
		{687F684D-BBFA-4B1F-95F5-17BB4B3F8E9B}.Debug|Any CPU.ActiveCfg = Debug|Any CPU
		{687F684D-BBFA-4B1F-95F5-17BB4B3F8E9B}.Debug|Any CPU.Build.0 = Debug|Any CPU
		{687F684D-BBFA-4B1F-95F5-17BB4B3F8E9B}.Release|Any CPU.ActiveCfg = Release|Any CPU
		{687F684D-BBFA-4B1F-95F5-17BB4B3F8E9B}.Release|Any CPU.Build.0 = Release|Any CPU
		{DB912B9A-6193-4534-9120-2765658AE286}.Debug|Any CPU.ActiveCfg = Debug|Any CPU
		{DB912B9A-6193-4534-9120-2765658AE286}.Debug|Any CPU.Build.0 = Debug|Any CPU
		{DB912B9A-6193-4534-9120-2765658AE286}.Release|Any CPU.ActiveCfg = Release|Any CPU
		{DB912B9A-6193-4534-9120-2765658AE286}.Release|Any CPU.Build.0 = Release|Any CPU
		{89056F67-0024-45DD-B5B6-171AC8458E76}.Debug|Any CPU.ActiveCfg = Debug|Any CPU
		{89056F67-0024-45DD-B5B6-171AC8458E76}.Debug|Any CPU.Build.0 = Debug|Any CPU
		{89056F67-0024-45DD-B5B6-171AC8458E76}.Release|Any CPU.ActiveCfg = Release|Any CPU
		{89056F67-0024-45DD-B5B6-171AC8458E76}.Release|Any CPU.Build.0 = Release|Any CPU
		{C1093249-17A8-4FCC-B655-65A48C1F5661}.Debug|Any CPU.ActiveCfg = Debug|Any CPU
		{C1093249-17A8-4FCC-B655-65A48C1F5661}.Debug|Any CPU.Build.0 = Debug|Any CPU
		{C1093249-17A8-4FCC-B655-65A48C1F5661}.Release|Any CPU.ActiveCfg = Release|Any CPU
		{C1093249-17A8-4FCC-B655-65A48C1F5661}.Release|Any CPU.Build.0 = Release|Any CPU
		{14943DC7-75E1-4388-BCB1-10C219CF777A}.Debug|Any CPU.ActiveCfg = Debug|Any CPU
		{14943DC7-75E1-4388-BCB1-10C219CF777A}.Debug|Any CPU.Build.0 = Debug|Any CPU
		{14943DC7-75E1-4388-BCB1-10C219CF777A}.Release|Any CPU.ActiveCfg = Release|Any CPU
		{14943DC7-75E1-4388-BCB1-10C219CF777A}.Release|Any CPU.Build.0 = Release|Any CPU
		{3D1B3311-EA86-4015-8B4A-684775CC1647}.Debug|Any CPU.ActiveCfg = Debug|Any CPU
		{3D1B3311-EA86-4015-8B4A-684775CC1647}.Debug|Any CPU.Build.0 = Debug|Any CPU
		{3D1B3311-EA86-4015-8B4A-684775CC1647}.Release|Any CPU.ActiveCfg = Release|Any CPU
		{3D1B3311-EA86-4015-8B4A-684775CC1647}.Release|Any CPU.Build.0 = Release|Any CPU
	EndGlobalSection
	GlobalSection(SolutionProperties) = preSolution
		HideSolutionNode = FALSE
	EndGlobalSection
	GlobalSection(ExtensibilityGlobals) = postSolution
		SolutionGuid = {AAA7E1BC-CC86-4727-85EC-01943119337F}
	EndGlobalSection
EndGlobal
